
Microsoft Visual Studio Solution File, Format Version 11.00
# Visual Studio 2010
Project("{FAE04EC0-301F-11D3-BF4B-00C04F79EFBC}") = "PhotoSight", "PhotoSight\PhotoSight.csproj", "{CEED2DE6-4E52-4CE3-8F2A-EFFC15CFEE4B}"
EndProject
Global
	GlobalSection(SolutionConfigurationPlatforms) = preSolution
		Debug|Any CPU = Debug|Any CPU
		Release|Any CPU = Release|Any CPU
	EndGlobalSection
	GlobalSection(ProjectConfigurationPlatforms) = postSolution
		{CEED2DE6-4E52-4CE3-8F2A-EFFC15CFEE4B}.Debug|Any CPU.ActiveCfg = Debug|Any CPU
		{CEED2DE6-4E52-4CE3-8F2A-EFFC15CFEE4B}.Debug|Any CPU.Build.0 = Debug|Any CPU
		{CEED2DE6-4E52-4CE3-8F2A-EFFC15CFEE4B}.Debug|Any CPU.Deploy.0 = Debug|Any CPU
		{CEED2DE6-4E52-4CE3-8F2A-EFFC15CFEE4B}.Release|Any CPU.ActiveCfg = Release|Any CPU
		{CEED2DE6-4E52-4CE3-8F2A-EFFC15CFEE4B}.Release|Any CPU.Build.0 = Release|Any CPU
		{CEED2DE6-4E52-4CE3-8F2A-EFFC15CFEE4B}.Release|Any CPU.Deploy.0 = Release|Any CPU
	EndGlobalSection
	GlobalSection(SolutionProperties) = preSolution
		HideSolutionNode = FALSE
	EndGlobalSection
EndGlobal
